<?xml version="1.0" encoding="utf-8"?>
<Project ToolsVersion="4.0" xmlns="http://schemas.microsoft.com/developer/msbuild/2003">
  <ItemGroup>
    <Filter Include="소스 파일">
      <UniqueIdentifier>{4FC737F1-C7A5-4376-A066-2A32D752A2FF}</UniqueIdentifier>
      <Extensions>cpp;c;cc;cxx;c++;cppm;ixx;def;odl;idl;hpj;bat;asm;asmx</Extensions>
    </Filter>
    <Filter Include="헤더 파일">
      <UniqueIdentifier>{93995380-89BD-4b04-88EB-625FBE52EBFB}</UniqueIdentifier>
      <Extensions>h;hh;hpp;hxx;h++;hm;inl;inc;ipp;xsd</Extensions>
    </Filter>
    <Filter Include="리소스 파일">
      <UniqueIdentifier>{67DA6AB6-F800-4c08-8B7A-83BB121AAD01}</UniqueIdentifier>
      <Extensions>rc;ico;cur;bmp;dlg;rc2;rct;bin;rgs;gif;jpg;jpeg;jpe;resx;tiff;tif;png;wav;mfcribbon-ms</Extensions>
    </Filter>
    <Filter Include="Iocp">
      <UniqueIdentifier>{728f1224-5dbf-40fc-89e6-0092d28201d4}</UniqueIdentifier>
    </Filter>
    <Filter Include="Thread">
      <UniqueIdentifier>{68bcf7af-c1ff-4956-b905-8f6bcf559e2f}</UniqueIdentifier>
    </Filter>
    <Filter Include="Base">
      <UniqueIdentifier>{dee57c36-725b-41c9-b2a7-f5ecd258f72b}</UniqueIdentifier>
    </Filter>
    <Filter Include="Actor">
      <UniqueIdentifier>{c8e4a502-63a6-40aa-bb3c-0b6f0cfc7fc8}</UniqueIdentifier>
    </Filter>
    <Filter Include="Pool">
      <UniqueIdentifier>{2984ee03-247d-4673-86c1-4d764844665d}</UniqueIdentifier>
    </Filter>
    <Filter Include="Base\Pattern">
      <UniqueIdentifier>{107ba010-5192-43bd-9dc2-1e9b51e31e83}</UniqueIdentifier>
    </Filter>
    <Filter Include="Logger">
      <UniqueIdentifier>{9de08aa0-1aa3-4c81-803f-6be0ca4c84ed}</UniqueIdentifier>
    </Filter>
    <Filter Include="Tr">
      <UniqueIdentifier>{6a426f64-93a2-4ee9-95ae-9b5e2d20c5d0}</UniqueIdentifier>
    </Filter>
    <Filter Include="Tr\ChatTr">
      <UniqueIdentifier>{fa8a2896-f7f5-44da-88f8-0d5f652edf2d}</UniqueIdentifier>
    </Filter>
    <Filter Include="Dispatcher">
      <UniqueIdentifier>{9c48febe-9d02-49cd-90f6-002e8f8baf2d}</UniqueIdentifier>
    </Filter>
    <Filter Include="Dispatcher\Event">
      <UniqueIdentifier>{5e90c7fa-10ee-4405-99b0-f9e3d037a646}</UniqueIdentifier>
    </Filter>
    <Filter Include="Lock">
      <UniqueIdentifier>{6a0086c1-c42a-492a-a13e-aaec7ce59445}</UniqueIdentifier>
    </Filter>
  </ItemGroup>
  <ItemGroup>
    <ClCompile Include="Iocp.cpp">
      <Filter>Iocp</Filter>
    </ClCompile>
    <ClCompile Include="Session.cpp">
      <Filter>Iocp</Filter>
    </ClCompile>
    <ClCompile Include="Socket.cpp">
      <Filter>Iocp</Filter>
    </ClCompile>
    <ClCompile Include="Thread.cpp">
      <Filter>Thread</Filter>
    </ClCompile>
    <ClCompile Include="Pool.hpp">
      <Filter>Pool</Filter>
    </ClCompile>
    <ClCompile Include="Actor.cpp">
      <Filter>Actor</Filter>
    </ClCompile>
    <ClCompile Include="PlayerActor.cpp">
      <Filter>Actor</Filter>
    </ClCompile>
    <ClCompile Include="PoolManager.cpp">
      <Filter>Pool</Filter>
    </ClCompile>
    <ClCompile Include="Singleton.cpp">
      <Filter>Base\Pattern</Filter>
    </ClCompile>
    <ClCompile Include="OverlappedBuffer.cpp">
      <Filter>Iocp</Filter>
    </ClCompile>
    <ClCompile Include="Logger.cpp">
      <Filter>Logger</Filter>
    </ClCompile>
    <ClCompile Include="Tr.cpp">
      <Filter>Tr</Filter>
    </ClCompile>
    <ClCompile Include="TrId.cpp">
      <Filter>Tr</Filter>
    </ClCompile>
    <ClCompile Include="Dispatcher.cpp">
      <Filter>Dispatcher</Filter>
    </ClCompile>
    <ClCompile Include="Event.cpp">
      <Filter>Dispatcher\Event</Filter>
    </ClCompile>
    <ClCompile Include="TrThread.cpp">
      <Filter>Thread</Filter>
    </ClCompile>
    <ClCompile Include="Lock.cpp">
      <Filter>Lock</Filter>
    </ClCompile>
    <ClCompile Include="ScopeLock.cpp">
      <Filter>Lock</Filter>
    </ClCompile>
    <ClCompile Include="Proc.cpp">
      <Filter>Tr</Filter>
    </ClCompile>
    <ClCompile Include="BaseTime.cpp">
      <Filter>Base</Filter>
    </ClCompile>
    <ClCompile Include="RecvEvent.cpp">
      <Filter>Dispatcher\Event</Filter>
    </ClCompile>
    <ClCompile Include="TrQueueManager.cpp">
      <Filter>Tr</Filter>
    </ClCompile>
    <ClCompile Include="SystemManager.cpp">
      <Filter>소스 파일</Filter>
    </ClCompile>
    <ClCompile Include="Contents.cpp">
      <Filter>소스 파일</Filter>
    </ClCompile>
    <ClCompile Include="NetworkContents.cpp">
      <Filter>소스 파일</Filter>
    </ClCompile>
    <ClCompile Include="ThreadContents.cpp">
      <Filter>소스 파일</Filter>
    </ClCompile>
    <ClCompile Include="SendEvent.cpp">
      <Filter>소스 파일</Filter>
    </ClCompile>
  </ItemGroup>
  <ItemGroup>
    <ClInclude Include="Iocp.h">
      <Filter>Iocp</Filter>
    </ClInclude>
    <ClInclude Include="Session.h">
      <Filter>Iocp</Filter>
    </ClInclude>
    <ClInclude Include="Socket.h">
      <Filter>Iocp</Filter>
    </ClInclude>
    <ClInclude Include="Base.h">
      <Filter>Base</Filter>
    </ClInclude>
    <ClInclude Include="Thread.h">
      <Filter>Thread</Filter>
    </ClInclude>
    <ClInclude Include="Pool.h">
      <Filter>Pool</Filter>
    </ClInclude>
    <ClInclude Include="Actor.h">
      <Filter>Actor</Filter>
    </ClInclude>
    <ClInclude Include="PlayerActor.h">
      <Filter>Actor</Filter>
    </ClInclude>
    <ClInclude Include="PoolManager.h">
      <Filter>Pool</Filter>
    </ClInclude>
    <ClInclude Include="Singleton.h">
      <Filter>Base\Pattern</Filter>
    </ClInclude>
    <ClInclude Include="OverlappedBuffer.h">
      <Filter>Iocp</Filter>
    </ClInclude>
    <ClInclude Include="Logger.h">
      <Filter>Logger</Filter>
    </ClInclude>
    <ClInclude Include="Tr.h">
      <Filter>Tr</Filter>
    </ClInclude>
    <ClInclude Include="TrId.h">
      <Filter>Tr</Filter>
    </ClInclude>
    <ClInclude Include="TrChat.h">
      <Filter>Tr\ChatTr</Filter>
    </ClInclude>
    <ClInclude Include="Dispatcher.h">
      <Filter>Dispatcher</Filter>
    </ClInclude>
    <ClInclude Include="Event.h">
      <Filter>Dispatcher\Event</Filter>
    </ClInclude>
    <ClInclude Include="TrThread.h">
      <Filter>Thread</Filter>
    </ClInclude>
    <ClInclude Include="Lock.h">
      <Filter>Lock</Filter>
    </ClInclude>
    <ClInclude Include="ScopeLock.h">
      <Filter>Lock</Filter>
    </ClInclude>
    <ClInclude Include="Proc.h">
      <Filter>Tr</Filter>
    </ClInclude>
    <ClInclude Include="BaseTime.h">
      <Filter>Base</Filter>
    </ClInclude>
    <ClInclude Include="RecvEvent.h">
      <Filter>Dispatcher\Event</Filter>
    </ClInclude>
    <ClInclude Include="TrQueueManager.h">
      <Filter>Tr</Filter>
    </ClInclude>
    <ClInclude Include="SystemManager.h">
      <Filter>헤더 파일</Filter>
    </ClInclude>
    <ClInclude Include="Contents.h">
      <Filter>헤더 파일</Filter>
    </ClInclude>
    <ClInclude Include="NetworkContents.h">
      <Filter>헤더 파일</Filter>
    </ClInclude>
    <ClInclude Include="ThreadContents.h">
      <Filter>헤더 파일</Filter>
    </ClInclude>
    <ClInclude Include="SendEvent.h">
      <Filter>헤더 파일</Filter>
    </ClInclude>
  </ItemGroup>
</Project>