<?xml version="1.0" encoding="utf-8"?>
<Project ToolsVersion="4.0" xmlns="http://schemas.microsoft.com/developer/msbuild/2003">
  <ItemGroup>
    <Filter Include="소스 파일">
      <UniqueIdentifier>{4FC737F1-C7A5-4376-A066-2A32D752A2FF}</UniqueIdentifier>
      <Extensions>cpp;c;cc;cxx;c++;cppm;ixx;def;odl;idl;hpj;bat;asm;asmx</Extensions>
    </Filter>
    <Filter Include="헤더 파일">
      <UniqueIdentifier>{93995380-89BD-4b04-88EB-625FBE52EBFB}</UniqueIdentifier>
      <Extensions>h;hh;hpp;hxx;h++;hm;inl;inc;ipp;xsd</Extensions>
    </Filter>
    <Filter Include="리소스 파일">
      <UniqueIdentifier>{67DA6AB6-F800-4c08-8B7A-83BB121AAD01}</UniqueIdentifier>
      <Extensions>rc;ico;cur;bmp;dlg;rc2;rct;bin;rgs;gif;jpg;jpeg;jpe;resx;tiff;tif;png;wav;mfcribbon-ms</Extensions>
    </Filter>
    <Filter Include="Iocp">
      <UniqueIdentifier>{728f1224-5dbf-40fc-89e6-0092d28201d4}</UniqueIdentifier>
    </Filter>
    <Filter Include="Thread">
      <UniqueIdentifier>{68bcf7af-c1ff-4956-b905-8f6bcf559e2f}</UniqueIdentifier>
    </Filter>
    <Filter Include="Base">
      <UniqueIdentifier>{dee57c36-725b-41c9-b2a7-f5ecd258f72b}</UniqueIdentifier>
    </Filter>
    <Filter Include="Actor">
      <UniqueIdentifier>{c8e4a502-63a6-40aa-bb3c-0b6f0cfc7fc8}</UniqueIdentifier>
    </Filter>
  </ItemGroup>
  <ItemGroup>
    <ClCompile Include="Iocp.cpp">
      <Filter>Iocp</Filter>
    </ClCompile>
    <ClCompile Include="Session.cpp">
      <Filter>Iocp</Filter>
    </ClCompile>
    <ClCompile Include="Socket.cpp">
      <Filter>Iocp</Filter>
    </ClCompile>
    <ClCompile Include="SocketAddress.cpp">
      <Filter>Iocp</Filter>
    </ClCompile>
    <ClCompile Include="TcpSocket.cpp">
      <Filter>Iocp</Filter>
    </ClCompile>
    <ClCompile Include="Thead.cpp">
      <Filter>Thread</Filter>
    </ClCompile>
  </ItemGroup>
  <ItemGroup>
    <ClInclude Include="Iocp.h">
      <Filter>Iocp</Filter>
    </ClInclude>
    <ClInclude Include="Session.h">
      <Filter>Iocp</Filter>
    </ClInclude>
    <ClInclude Include="Socket.h">
      <Filter>Iocp</Filter>
    </ClInclude>
    <ClInclude Include="SocketAddress.h">
      <Filter>Iocp</Filter>
    </ClInclude>
    <ClInclude Include="TcpSocket.h">
      <Filter>Iocp</Filter>
    </ClInclude>
    <ClInclude Include="Base.h">
      <Filter>Base</Filter>
    </ClInclude>
    <ClInclude Include="Thead.h">
      <Filter>Thread</Filter>
    </ClInclude>
  </ItemGroup>
</Project>